{
  "version": "5",
  "specifiers": {
    "jsr:@cliffy/ansi@1.2.1": "1.2.1",
    "jsr:@cliffy/command@^1.0.0-rc.7": "1.2.1",
    "jsr:@cliffy/flags@1.2.1": "1.2.1",
    "jsr:@cliffy/internal@1.2.1": "1.2.1",
    "jsr:@cliffy/keycode@1.2.1": "1.2.1",
    "jsr:@cliffy/prompt@1": "1.2.1",
    "jsr:@cliffy/table@1.2.1": "1.2.1",
    "jsr:@david/console-static-text@0.3": "0.3.4",
    "jsr:@david/dax@0.43": "0.43.2",
    "jsr:@david/path@0.2": "0.2.0",
    "jsr:@david/which@~0.4.1": "0.4.2",
    "jsr:@deno/esbuild-plugin@^1.2.0": "1.2.1",
    "jsr:@deno/loader@~0.3.10": "0.3.14",
    "jsr:@es-toolkit/es-toolkit@^1.39.5": "1.47.1",
    "jsr:@fedify/amqp@1": "1.10.11",
    "jsr:@fedify/denokv@1": "1.10.11",
    "jsr:@fedify/fedify@^1.10.11": "1.10.11",
    "jsr:@fedify/fedify@^1.5.0": "1.10.11",
    "jsr:@fedify/redis@1": "1.10.11",
    "jsr:@fresh/build-id@1": "1.0.1",
    "jsr:@fresh/core@^2.3.0": "2.3.3",
    "jsr:@hono/hono@4.12.24": "4.12.24",
    "jsr:@logtape/logtape@2": "2.1.4",
    "jsr:@logtape/logtape@^1.2.2": "1.3.10",
    "jsr:@olli/kvdex@^3.5.0": "3.6.7",
    "jsr:@standard-schema/spec@1.1.0": "1.1.0",
    "jsr:@std/assert@1": "1.0.19",
    "jsr:@std/assert@^1.0.19": "1.0.19",
    "jsr:@std/async@1": "1.4.0",
    "jsr:@std/bytes@^1.0.4": "1.0.6",
    "jsr:@std/bytes@^1.0.6": "1.0.6",
    "jsr:@std/cli@1": "1.0.30",
    "jsr:@std/cli@1.0.12": "1.0.12",
    "jsr:@std/cli@^1.0.30": "1.0.30",
    "jsr:@std/collections@1": "1.2.0",
    "jsr:@std/collections@^1.0.9": "1.2.0",
    "jsr:@std/data-structures@1": "1.1.0",
    "jsr:@std/data-structures@^1.1.0": "1.1.0",
    "jsr:@std/encoding@^1.0.10": "1.0.10",
    "jsr:@std/fmt@1": "1.0.10",
    "jsr:@std/fmt@^1.0.10": "1.0.10",
    "jsr:@std/fmt@^1.0.8": "1.0.10",
    "jsr:@std/fs@1": "1.0.24",
    "jsr:@std/fs@^1.0.19": "1.0.24",
    "jsr:@std/fs@^1.0.24": "1.0.24",
    "jsr:@std/html@^1.0.5": "1.0.7",
    "jsr:@std/html@^1.0.7": "1.0.7",
    "jsr:@std/http@1": "1.1.1",
    "jsr:@std/http@^1.0.21": "1.1.1",
    "jsr:@std/internal@^1.0.12": "1.0.14",
    "jsr:@std/internal@^1.0.14": "1.0.14",
    "jsr:@std/io@0.225": "0.225.3",
    "jsr:@std/io@~0.225.3": "0.225.3",
    "jsr:@std/json@1": "1.1.0",
    "jsr:@std/json@^1.0.2": "1.1.0",
    "jsr:@std/jsonc@*": "1.0.2",
    "jsr:@std/jsonc@1": "1.0.2",
    "jsr:@std/jsonc@^1.0.2": "1.0.2",
    "jsr:@std/media-types@^1.1.0": "1.1.0",
    "jsr:@std/net@1": "1.0.6",
    "jsr:@std/net@^1.0.6": "1.0.6",
    "jsr:@std/path@1": "1.1.5",
    "jsr:@std/path@^1.1.1": "1.1.5",
    "jsr:@std/path@^1.1.2": "1.1.5",
    "jsr:@std/path@^1.1.5": "1.1.5",
    "jsr:@std/regexp@^1.0.2": "1.0.2",
    "jsr:@std/semver@1": "1.0.8",
    "jsr:@std/semver@^1.0.6": "1.0.8",
    "jsr:@std/semver@^1.0.8": "1.0.8",
    "jsr:@std/streams@^1.1.0": "1.1.1",
    "jsr:@std/streams@^1.1.1": "1.1.1",
    "jsr:@std/testing@1": "1.0.19",
    "jsr:@std/text@1": "1.0.19",
    "jsr:@std/text@^1.0.19": "1.0.19",
    "jsr:@std/ulid@1": "1.0.0",
    "jsr:@std/uuid@^1.0.9": "1.1.1",
    "jsr:@zod/zod@4.4.3": "4.4.3",
    "npm:@multiformats/base-x@^4.0.1": "4.0.1",
    "npm:@opentelemetry/api@^1.9.0": "1.9.1",
    "npm:@opentelemetry/core@^1.30.1": "1.30.1_@opentelemetry+api@1.9.1",
    "npm:@opentelemetry/sdk-trace-base@^1.30.1": "1.30.1_@opentelemetry+api@1.9.1",
    "npm:@opentelemetry/semantic-conventions@^1.27.0": "1.28.0",
    "npm:@orpc/client@1.14.6": "1.14.6_@opentelemetry+api@1.9.1",
    "npm:@orpc/client@^1.14.6": "1.14.6_@opentelemetry+api@1.9.1",
    "npm:@orpc/openapi@^1.14.6": "1.14.6_@opentelemetry+api@1.9.1",
    "npm:@orpc/server@^1.14.6": "1.14.6_@opentelemetry+api@1.9.1",
    "npm:@orpc/tanstack-query@1.14.6": "1.14.6_@orpc+client@1.14.6__@opentelemetry+api@1.9.1_@tanstack+query-core@5.101.0",
    "npm:@orpc/zod@^1.14.6": "1.14.6_@orpc+server@1.14.6__@opentelemetry+api@1.9.1_zod@3.25.76",
    "npm:@phensley/language-tag@^1.9.0": "1.14.0",
    "npm:@preact/signals@^2.5.1": "2.9.1_preact@10.29.2",
    "npm:@types/amqplib@~0.10.7": "0.10.8",
    "npm:amqplib@~0.10.3": "0.10.9",
    "npm:asn1js@^3.0.5": "3.0.10",
    "npm:byte-encodings@^1.0.11": "1.0.11",
    "npm:es-toolkit@^1.30.0": "1.47.1",
    "npm:esbuild-wasm@~0.25.11": "0.25.12",
    "npm:esbuild@0.25.7": "0.25.7",
    "npm:esbuild@~0.25.5": "0.25.7",
    "npm:ioredis@^5.6.1": "5.11.1",
    "npm:json-canon@^1.0.1": "1.0.1",
    "npm:jsonld@9": "9.0.0",
    "npm:multicodec@^3.2.1": "3.2.1",
    "npm:pkijs@^3.2.4": "3.4.0",
    "npm:preact-render-to-string@*": "6.7.0_preact@10.29.2",
    "npm:preact-render-to-string@^6.6.3": "6.7.0_preact@10.29.2",
    "npm:preact-render-to-string@^6.6.5": "6.7.0_preact@10.29.2",
    "npm:preact@^10.28.2": "10.29.2",
    "npm:preact@^10.29.1": "10.29.2",
    "npm:structured-field-values@^2.0.4": "2.0.4",
    "npm:uri-template-router@1": "1.0.0",
    "npm:url-template@^3.1.1": "3.1.1",
    "npm:zod@^3.24.0": "3.25.76"
  },
  "jsr": {
    "@cliffy/ansi@1.2.1": {
      "integrity": "b8702def9c0110b6eeb2b3b71e0b26cbe0a427facbb4f9c0189da0ba19feb549",
      "dependencies": [
        "jsr:@cliffy/internal",
        "jsr:@std/encoding",
        "jsr:@std/io@~0.225.3"
      ]
    },
    "@cliffy/command@1.2.1": {
      "integrity": "b7b017c81560d96580ea810c8564566884d8194416f6fc06bfdc8846e8fd590f",
      "dependencies": [
        "jsr:@cliffy/flags",
        "jsr:@cliffy/internal",
        "jsr:@cliffy/table",
        "jsr:@std/fmt@^1.0.10",
        "jsr:@std/semver@^1.0.8",
        "jsr:@std/text@^1.0.19"
      ]
    },
    "@cliffy/flags@1.2.1": {
      "integrity": "10034920ef7595db586fecec5a3b10a4ec800c513cbbc368414cd748dac706fb",
      "dependencies": [
        "jsr:@cliffy/internal",
        "jsr:@std/text@^1.0.19"
      ]
    },
    "@cliffy/internal@1.2.1": {
      "integrity": "e398f41c6839d3d4d249c963bfcb1058013091425926d53a3cb482b1ca70684b"
    },
    "@cliffy/keycode@1.2.1": {
      "integrity": "ce0a1e00986054da31bc767274acefdc923338a47e75ad1fc2046a11c87ace16"
    },
    "@cliffy/prompt@1.2.1": {
      "integrity": "e468fae0f52093ff2099f5be0bbc7632348ab82a3b7337b12ddd888aeb5d6eed",
      "dependencies": [
        "jsr:@cliffy/ansi",
        "jsr:@cliffy/internal",
        "jsr:@cliffy/keycode",
        "jsr:@std/assert@^1.0.19",
        "jsr:@std/fmt@^1.0.10",
        "jsr:@std/io@~0.225.3",
        "jsr:@std/path@^1.1.5",
        "jsr:@std/text@^1.0.19"
      ]
    },
    "@cliffy/table@1.2.1": {
      "integrity": "be333e62f2c754f8bf75a38c8177515b152040572c9f75298e9bcef1314b82ff",
      "dependencies": [
        "jsr:@std/fmt@^1.0.10"
      ]
    },
    "@david/console-static-text@0.3.4": {
      "integrity": "1c596f500b075ff3c8bab1d328ca7148a88067fd9a506b16a73eeaf230c229fd"
    },
    "@david/dax@0.43.2": {
      "integrity": "8c7df175465d994c0e3568e3eb91102768c2f1c86d2a513d7fc4cab13f9cb328",
      "dependencies": [
        "jsr:@david/console-static-text",
        "jsr:@david/path",
        "jsr:@david/which",
        "jsr:@std/fmt@1",
        "jsr:@std/fs@1",
        "jsr:@std/io@0.225",
        "jsr:@std/path@1"
      ]
    },
    "@david/path@0.2.0": {
      "integrity": "f2d7aa7f02ce5a55e27c09f9f1381794acb09d328f8d3c8a2e3ab3ffc294dccd",
      "dependencies": [
        "jsr:@std/fs@1",
        "jsr:@std/path@1"
      ]
    },
    "@david/which@0.4.2": {
      "integrity": "440ee262bc0673b57a39ad4d0dc5673e515ddd41c049a55b2588a0881e5d4a8c"
    },
    "@deno/esbuild-plugin@1.2.1": {
      "integrity": "df629467913adc1f960149fdfa3a3430ba8c20381c310fba096db244e6c3c9f6",
      "dependencies": [
        "jsr:@deno/loader",
        "jsr:@std/path@^1.1.1",
        "npm:esbuild@~0.25.5"
      ]
    },
    "@deno/loader@0.3.14": {
      "integrity": "97bc63a6cc2d27a60bcdc953f588c5213331d866d44212eebb24cebfb9b011ca"
    },
    "@es-toolkit/es-toolkit@1.47.1": {
      "integrity": "8eca78d5db4aede3b6dbf53464077865ab644539b092089e89c76b61e778724f"
    },
    "@fedify/amqp@1.10.11": {
      "integrity": "173a93167069787becf3ced5461850761f702e385d8070fc23f40726ae484819",
      "dependencies": [
        "jsr:@fedify/fedify@^1.10.11",
        "npm:@types/amqplib"
      ]
    },
    "@fedify/denokv@1.10.11": {
      "integrity": "2d99cb73717313b669088c238cedc41a99f316b43d8e14c4758036892ac46073",
      "dependencies": [
        "jsr:@fedify/fedify@^1.10.11",
        "npm:es-toolkit"
      ]
    },
    "@fedify/fedify@1.10.11": {
      "integrity": "13de93d7d34441afeb41107c80f583259e36bae9bba15486f4f48be69a704ce7",
      "dependencies": [
        "jsr:@es-toolkit/es-toolkit",
        "jsr:@logtape/logtape@^1.2.2",
        "npm:@multiformats/base-x",
        "npm:@opentelemetry/api",
        "npm:@opentelemetry/core",
        "npm:@opentelemetry/sdk-trace-base",
        "npm:@opentelemetry/semantic-conventions",
        "npm:@phensley/language-tag",
        "npm:asn1js",
        "npm:byte-encodings",
        "npm:json-canon",
        "npm:jsonld",
        "npm:multicodec",
        "npm:pkijs",
        "npm:structured-field-values",
        "npm:uri-template-router",
        "npm:url-template"
      ]
    },
    "@fedify/redis@1.10.11": {
      "integrity": "5e2c803c0ae491afa00b7594568aa2efde98b2b5f1693d55273dc4040a1d0c54",
      "dependencies": [
        "jsr:@fedify/fedify@^1.10.11",
        "jsr:@logtape/logtape@^1.2.2",
        "npm:ioredis"
      ]
    },
    "@fresh/build-id@1.0.1": {
      "integrity": "12a2ec25fd52ae9ec68c26848a5696cd1c9b537f7c983c7e56e4fb1e7e816c20",
      "dependencies": [
        "jsr:@std/encoding"
      ]
    },
    "@fresh/core@2.3.3": {
      "integrity": "6c2aad199976644352c89a1d601f3ef331b1d24cdadb53ed469324a303598383",
      "dependencies": [
        "jsr:@deno/esbuild-plugin",
        "jsr:@fresh/build-id",
        "jsr:@std/encoding",
        "jsr:@std/fmt@^1.0.8",
        "jsr:@std/fs@^1.0.19",
        "jsr:@std/html@^1.0.5",
        "jsr:@std/http@^1.0.21",
        "jsr:@std/jsonc@^1.0.2",
        "jsr:@std/media-types",
        "jsr:@std/net@^1.0.6",
        "jsr:@std/path@^1.1.2",
        "jsr:@std/semver@^1.0.6",
        "jsr:@std/uuid",
        "npm:@opentelemetry/api",
        "npm:@preact/signals",
        "npm:esbuild-wasm",
        "npm:esbuild@0.25.7",
        "npm:preact-render-to-string@^6.6.3",
        "npm:preact@^10.28.2",
        "npm:preact@^10.29.1"
      ]
    },
    "@hono/hono@4.12.24": {
      "integrity": "a74a40f06ae6704ddd0e8e576f6da9d34666c3e1e0f5412a2c1ff800ffd092f4"
    },
    "@logtape/logtape@1.3.10": {
      "integrity": "a499f5417acbbff82bda8baa28208db42cdf16149144f29d47d8d0b56367a728"
    },
    "@logtape/logtape@2.1.4": {
      "integrity": "5f22088a90ccfd2f907d677f078232a9cc7fa63b320c365b954f9666175789b1"
    },
    "@olli/kvdex@3.6.7": {
      "integrity": "0f747297437ef30b106f174e6cca91ed4805bab26996781e9f556b5eaae15d86",
      "dependencies": [
        "jsr:@std/bytes@^1.0.4",
        "jsr:@std/cli@1.0.12",
        "jsr:@std/collections@^1.0.9",
        "jsr:@std/ulid",
        "npm:zod"
      ]
    },
    "@standard-schema/spec@1.1.0": {
      "integrity": "2ccd54513cd9c960bd155ab569b1a901bc99c6f9ad29559d3f38a28c91c1822d"
    },
    "@std/assert@1.0.19": {
      "integrity": "eaada96ee120cb980bc47e040f82814d786fe8162ecc53c91d8df60b8755991e",
      "dependencies": [
        "jsr:@std/internal@^1.0.12"
      ]
    },
    "@std/async@1.4.0": {
      "integrity": "4d70b008634f571cff9b554090d628c76141c32613aae0ff283fd5fa23d0c379",
      "dependencies": [
        "jsr:@std/data-structures@^1.1.0"
      ]
    },
    "@std/bytes@1.0.6": {
      "integrity": "f6ac6adbd8ccd99314045f5703e23af0a68d7f7e58364b47d2c7f408aeb5820a"
    },
    "@std/cli@1.0.12": {
      "integrity": "e5cfb7814d189da174ecd7a34fbbd63f3513e24a1b307feb2fcd5da47a070d90"
    },
    "@std/cli@1.0.30": {
      "integrity": "769446536522d0417d7127ebcabcafac1ab0ce6766d0eb3fca1d36326fe98d13",
      "dependencies": [
        "jsr:@std/fmt@^1.0.10",
        "jsr:@std/internal@^1.0.14"
      ]
    },
    "@std/collections@1.2.0": {
      "integrity": "47627a21d3a13138b77fd0e4d790ba9d2e603c3510b686cde6b132fe9aa98a88"
    },
    "@std/data-structures@1.1.0": {
      "integrity": "c35ae4ad5d8e41a38573c2fe3e19b18ea2505f63cfea201edcb8720aca1f7f58",
      "dependencies": [
        "jsr:@std/assert@^1.0.19"
      ]
    },
    "@std/encoding@1.0.10": {
      "integrity": "8783c6384a2d13abd5e9e87a7ae0520a30e9f56aeeaa3bdf910a3eaaf5c811a1"
    },
    "@std/fmt@1.0.10": {
      "integrity": "90dfba288802ac6de82fb31d0917eb9e4450b9925b954d5e51fc29ac07419db5"
    },
    "@std/fs@1.0.24": {
      "integrity": "f3061b45b81673a2bece689da041df32d174be064c89eb6397fb5718d3fb7877",
      "dependencies": [
        "jsr:@std/internal@^1.0.14",
        "jsr:@std/path@^1.1.5"
      ]
    },
    "@std/html@1.0.7": {
      "integrity": "175c818905a6e75743c69c251395e273d82698e58cfe7dd76268d70e28b8d8fe"
    },
    "@std/http@1.1.1": {
      "integrity": "e343a9a80aea07c716b91be5c79df764144430ad2dd7c9121ed7443f08dc74f7",
      "dependencies": [
        "jsr:@std/cli@^1.0.30",
        "jsr:@std/encoding",
        "jsr:@std/fmt@^1.0.10",
        "jsr:@std/fs@^1.0.24",
        "jsr:@std/html@^1.0.7",
        "jsr:@std/media-types",
        "jsr:@std/net@^1.0.6",
        "jsr:@std/path@^1.1.5",
        "jsr:@std/streams@^1.1.1"
      ]
    },
    "@std/internal@1.0.14": {
      "integrity": "291516b3d4c35024d6ffbc0a9df5bf4c64116e05b50012cf846710152d2ffdf7"
    },
    "@std/io@0.225.3": {
      "integrity": "27b07b591384d12d7b568f39e61dff966b8230559122df1e9fd11cc068f7ddd1",
      "dependencies": [
        "jsr:@std/bytes@^1.0.6"
      ]
    },
    "@std/json@1.1.0": {
      "integrity": "93330d3ed4054d6b1ffe54b075432c80a5f671be77277b978931e018014cb1cc",
      "dependencies": [
        "jsr:@std/streams@^1.1.0"
      ]
    },
    "@std/jsonc@1.0.2": {
      "integrity": "909605dae3af22bd75b1cbda8d64a32cf1fd2cf6efa3f9e224aba6d22c0f44c7",
      "dependencies": [
        "jsr:@std/json@^1.0.2"
      ]
    },
    "@std/media-types@1.1.0": {
      "integrity": "c9d093f0c05c3512932b330e3cc1fe1d627b301db33a4c2c2185c02471d6eaa4"
    },
    "@std/net@1.0.6": {
      "integrity": "110735f93e95bb9feb95790a8b1d1bf69ec0dc74f3f97a00a76ea5efea25500c"
    },
    "@std/path@1.1.5": {
      "integrity": "ccea00982ea28c36becaf6e62f855406c76a8c32d462f66f415bbb7d83a271bc",
      "dependencies": [
        "jsr:@std/internal@^1.0.14"
      ]
    },
    "@std/regexp@1.0.2": {
      "integrity": "7493d47c077cfdb023e41a0b44fd608d87fe5b36fc3dc614261afc0f1452aabf"
    },
    "@std/semver@1.0.8": {
      "integrity": "dc830e8b8b6a380c895d53fbfd1258dc253704ca57bbe1629ac65fd7830179b7"
    },
    "@std/streams@1.1.1": {
      "integrity": "92556d350e537e9dce527a6d08f6f15be3ff65e656079dea69d15252187c7613"
    },
    "@std/testing@1.0.19": {
      "integrity": "f4236172365b216728dc3cc8b5e80a9f4c33083d1e4ede7613d5b25b4014898e",
      "dependencies": [
        "jsr:@std/assert@^1.0.19",
        "jsr:@std/internal@^1.0.14"
      ]
    },
    "@std/text@1.0.19": {
      "integrity": "003a0e032d360e8c3a4e0410fb792c77a66bd6553fee9d60c6ec1bce30d29223",
      "dependencies": [
        "jsr:@std/regexp"
      ]
    },
    "@std/ulid@1.0.0": {
      "integrity": "d41c3d27a907714413649fee864b7cde8d42ee68437d22b79d5de4f81d808780"
    },
    "@std/uuid@1.1.1": {
      "integrity": "7b49060282d90f72fec64952f8c7a2914cbe6fdba3eca665f8cedc90830154a7",
      "dependencies": [
        "jsr:@std/bytes@^1.0.6"
      ]
    },
    "@zod/zod@4.4.3": {
      "integrity": "4712ac0967efaa718b37c36eaffb4e1d4457e1a266aef6efb3ab36f54a6fefe4"
    }
  },
  "npm": {
    "@digitalbazaar/http-client@4.3.0": {
      "integrity": "sha512-6lMpxpt9BOmqHKGs9Xm6DP4LlZTBFer/ZjHvP3FcW3IaUWYIWC7dw5RFZnvw4fP57kAVcm1dp3IF+Y50qhBvAw==",
      "dependencies": [
        "ky",
        "undici"
      ]
    },
    "@esbuild/aix-ppc64@0.25.7": {
      "integrity": "sha512-uD0kKFHh6ETr8TqEtaAcV+dn/2qnYbH/+8wGEdY70Qf7l1l/jmBUbrmQqwiPKAQE6cOQ7dTj6Xr0HzQDGHyceQ==",
      "os": ["aix"],
      "cpu": ["ppc64"]
    },
    "@esbuild/android-arm64@0.25.7": {
      "integrity": "sha512-p0ohDnwyIbAtztHTNUTzN5EGD/HJLs1bwysrOPgSdlIA6NDnReoVfoCyxG6W1d85jr2X80Uq5KHftyYgaK9LPQ==",
      "os": ["android"],
      "cpu": ["arm64"]
    },
    "@esbuild/android-arm@0.25.7": {
      "integrity": "sha512-Jhuet0g1k9rAJHrXGIh7sFknFuT4sfytYZpZpuZl7YKDhnPByVAm5oy2LEBmMbuYf3ejWVYCc2seX81Mk+madA==",
      "os": ["android"],
      "cpu": ["arm"]
    },
    "@esbuild/android-x64@0.25.7": {
      "integrity": "sha512-mMxIJFlSgVK23HSsII3ZX9T2xKrBCDGyk0qiZnIW10LLFFtZLkFD6imZHu7gUo2wkNZwS9Yj3mOtZD3ZPcjCcw==",
      "os": ["android"],
      "cpu": ["x64"]
    },
    "@esbuild/darwin-arm64@0.25.7": {
      "integrity": "sha512-jyOFLGP2WwRwxM8F1VpP6gcdIJc8jq2CUrURbbTouJoRO7XCkU8GdnTDFIHdcifVBT45cJlOYsZ1kSlfbKjYUQ==",
      "os": ["darwin"],
      "cpu": ["arm64"]
    },
    "@esbuild/darwin-x64@0.25.7": {
      "integrity": "sha512-m9bVWqZCwQ1BthruifvG64hG03zzz9gE2r/vYAhztBna1/+qXiHyP9WgnyZqHgGeXoimJPhAmxfbeU+nMng6ZA==",
      "os": ["darwin"],
      "cpu": ["x64"]
    },
    "@esbuild/freebsd-arm64@0.25.7": {
      "integrity": "sha512-Bss7P4r6uhr3kDzRjPNEnTm/oIBdTPRNQuwaEFWT/uvt6A1YzK/yn5kcx5ZxZ9swOga7LqeYlu7bDIpDoS01bA==",
      "os": ["freebsd"],
      "cpu": ["arm64"]
    },
    "@esbuild/freebsd-x64@0.25.7": {
      "integrity": "sha512-S3BFyjW81LXG7Vqmr37ddbThrm3A84yE7ey/ERBlK9dIiaWgrjRlre3pbG7txh1Uaxz8N7wGGQXmC9zV+LIpBQ==",
      "os": ["freebsd"],
      "cpu": ["x64"]
    },
    "@esbuild/linux-arm64@0.25.7": {
      "integrity": "sha512-HfQZQqrNOfS1Okn7PcsGUqHymL1cWGBslf78dGvtrj8q7cN3FkapFgNA4l/a5lXDwr7BqP2BSO6mz9UremNPbg==",
      "os": ["linux"],
      "cpu": ["arm64"]
    },
    "@esbuild/linux-arm@0.25.7": {
      "integrity": "sha512-JZMIci/1m5vfQuhKoFXogCKVYVfYQmoZJg8vSIMR4TUXbF+0aNlfXH3DGFEFMElT8hOTUF5hisdZhnrZO/bkDw==",
      "os": ["linux"],
      "cpu": ["arm"]
    },
    "@esbuild/linux-ia32@0.25.7": {
      "integrity": "sha512-9Jex4uVpdeofiDxnwHRgen+j6398JlX4/6SCbbEFEXN7oMO2p0ueLN+e+9DdsdPLUdqns607HmzEFnxwr7+5wQ==",
      "os": ["linux"],
      "cpu": ["ia32"]
    },
    "@esbuild/linux-loong64@0.25.7": {
      "integrity": "sha512-TG1KJqjBlN9IHQjKVUYDB0/mUGgokfhhatlay8aZ/MSORMubEvj/J1CL8YGY4EBcln4z7rKFbsH+HeAv0d471w==",
      "os": ["linux"],
      "cpu": ["loong64"]
    },
    "@esbuild/linux-mips64el@0.25.7": {
      "integrity": "sha512-Ty9Hj/lx7ikTnhOfaP7ipEm/ICcBv94i/6/WDg0OZ3BPBHhChsUbQancoWYSO0WNkEiSW5Do4febTTy4x1qYQQ==",
      "os": ["linux"],
      "cpu": ["mips64el"]
    },
    "@esbuild/linux-ppc64@0.25.7": {
      "integrity": "sha512-MrOjirGQWGReJl3BNQ58BLhUBPpWABnKrnq8Q/vZWWwAB1wuLXOIxS2JQ1LT3+5T+3jfPh0tyf5CpbyQHqnWIQ==",
      "os": ["linux"],
      "cpu": ["ppc64"]
    },
    "@esbuild/linux-riscv64@0.25.7": {
      "integrity": "sha512-9pr23/pqzyqIZEZmQXnFyqp3vpa+KBk5TotfkzGMqpw089PGm0AIowkUppHB9derQzqniGn3wVXgck19+oqiOw==",
      "os": ["linux"],
      "cpu": ["riscv64"]
    },
    "@esbuild/linux-s390x@0.25.7": {
      "integrity": "sha512-4dP11UVGh9O6Y47m8YvW8eoA3r8qL2toVZUbBKyGta8j6zdw1cn9F/Rt59/Mhv0OgY68pHIMjGXWOUaykCnx+w==",
      "os": ["linux"],
      "cpu": ["s390x"]
    },
    "@esbuild/linux-x64@0.25.7": {
      "integrity": "sha512-ghJMAJTdw/0uhz7e7YnpdX1xVn7VqA0GrWrAO2qKMuqbvgHT2VZiBv1BQ//VcHsPir4wsL3P2oPggfKPzTKoCA==",
      "os": ["linux"],
      "cpu": ["x64"]
    },
    "@esbuild/netbsd-arm64@0.25.7": {
      "integrity": "sha512-bwXGEU4ua45+u5Ci/a55B85KWaDSRS8NPOHtxy2e3etDjbz23wlry37Ffzapz69JAGGc4089TBo+dGzydQmydg==",
      "os": ["netbsd"],
      "cpu": ["arm64"]
    },
    "@esbuild/netbsd-x64@0.25.7": {
      "integrity": "sha512-tUZRvLtgLE5OyN46sPSYlgmHoBS5bx2URSrgZdW1L1teWPYVmXh+QN/sKDqkzBo/IHGcKcHLKDhBeVVkO7teEA==",
      "os": ["netbsd"],
      "cpu": ["x64"]
    },
    "@esbuild/openbsd-arm64@0.25.7": {
      "integrity": "sha512-bTJ50aoC+WDlDGBReWYiObpYvQfMjBNlKztqoNUL0iUkYtwLkBQQeEsTq/I1KyjsKA5tyov6VZaPb8UdD6ci6Q==",
      "os": ["openbsd"],
      "cpu": ["arm64"]
    },
    "@esbuild/openbsd-x64@0.25.7": {
      "integrity": "sha512-TA9XfJrgzAipFUU895jd9j2SyDh9bbNkK2I0gHcvqb/o84UeQkBpi/XmYX3cO1q/9hZokdcDqQxIi6uLVrikxg==",
      "os": ["openbsd"],
      "cpu": ["x64"]
    },
    "@esbuild/openharmony-arm64@0.25.7": {
      "integrity": "sha512-5VTtExUrWwHHEUZ/N+rPlHDwVFQ5aME7vRJES8+iQ0xC/bMYckfJ0l2n3yGIfRoXcK/wq4oXSItZAz5wslTKGw==",
      "os": ["openharmony"],
      "cpu": ["arm64"]
    },
    "@esbuild/sunos-x64@0.25.7": {
      "integrity": "sha512-umkbn7KTxsexhv2vuuJmj9kggd4AEtL32KodkJgfhNOHMPtQ55RexsaSrMb+0+jp9XL4I4o2y91PZauVN4cH3A==",
      "os": ["sunos"],
      "cpu": ["x64"]
    },
    "@esbuild/win32-arm64@0.25.7": {
      "integrity": "sha512-j20JQGP/gz8QDgzl5No5Gr4F6hurAZvtkFxAKhiv2X49yi/ih8ECK4Y35YnjlMogSKJk931iNMcd35BtZ4ghfw==",
      "os": ["win32"],
      "cpu": ["arm64"]
    },
    "@esbuild/win32-ia32@0.25.7": {
      "integrity": "sha512-4qZ6NUfoiiKZfLAXRsvFkA0hoWVM+1y2bSHXHkpdLAs/+r0LgwqYohmfZCi985c6JWHhiXP30mgZawn/XrqAkQ==",
      "os": ["win32"],
      "cpu": ["ia32"]
    },
    "@esbuild/win32-x64@0.25.7": {
      "integrity": "sha512-FaPsAHTwm+1Gfvn37Eg3E5HIpfR3i6x1AIcla/MkqAIupD4BW3MrSeUqfoTzwwJhk3WE2/KqUn4/eenEJC76VA==",
      "os": ["win32"],
      "cpu": ["x64"]
    },
    "@ioredis/commands@1.10.0": {
      "integrity": "sha512-UmeW7z4LfctwoQ5wkhVzgq8tXkreED2xZGpX+Bg+zA+WJFZCT6c062AfCK/Dfk81xZnnwdhJCUMkitihRaoC2Q=="
    },
    "@multiformats/base-x@4.0.1": {
      "integrity": "sha512-eMk0b9ReBbV23xXU693TAIrLyeO5iTgBZGSJfpqriG8UkYvr/hC9u9pyMlAakDNHWmbhMZCDs6KQO0jzKD8OTw=="
    },
    "@noble/hashes@1.4.0": {
      "integrity": "sha512-V1JJ1WTRUqHHrOSh597hURcMqVKVGL/ea3kv0gSnEdsEZ0/+VyPghM1lMNGc00z7CIQorSvbKpuJkxvuHbvdbg=="
    },
    "@opentelemetry/api@1.9.1": {
      "integrity": "sha512-gLyJlPHPZYdAk1JENA9LeHejZe1Ti77/pTeFm/nMXmQH/HFZlcS/O2XJB+L8fkbrNSqhdtlvjBVjxwUYanNH5Q=="
    },
    "@opentelemetry/core@1.30.1_@opentelemetry+api@1.9.1": {
      "integrity": "sha512-OOCM2C/QIURhJMuKaekP3TRBxBKxG/TWWA0TL2J6nXUtDnuCtccy49LUJF8xPFXMX+0LMcxFpCo8M9cGY1W6rQ==",
      "dependencies": [
        "@opentelemetry/api",
        "@opentelemetry/semantic-conventions"
      ]
    },
    "@opentelemetry/resources@1.30.1_@opentelemetry+api@1.9.1": {
      "integrity": "sha512-5UxZqiAgLYGFjS4s9qm5mBVo433u+dSPUFWVWXmLAD4wB65oMCoXaJP1KJa9DIYYMeHu3z4BZcStG3LC593cWA==",
      "dependencies": [
        "@opentelemetry/api",
        "@opentelemetry/core",
        "@opentelemetry/semantic-conventions"
      ]
    },
    "@opentelemetry/sdk-trace-base@1.30.1_@opentelemetry+api@1.9.1": {
      "integrity": "sha512-jVPgBbH1gCy2Lb7X0AVQ8XAfgg0pJ4nvl8/IiQA6nxOsPvS+0zMJaFSs2ltXe0J6C8dqjcnpyqINDJmU30+uOg==",
      "dependencies": [
        "@opentelemetry/api",
        "@opentelemetry/core",
        "@opentelemetry/resources",
        "@opentelemetry/semantic-conventions"
      ]
    },
    "@opentelemetry/semantic-conventions@1.28.0": {
      "integrity": "sha512-lp4qAiMTD4sNWW4DbKLBkfiMZ4jbAboJIGOQr5DvciMRI494OapieI9qiODpOt0XBr1LjIDy1xAGAnVs5supTA=="
    },
    "@orpc/client@1.14.6_@opentelemetry+api@1.9.1": {
      "integrity": "sha512-Y03NcTtmEJdxcqkKBkdGxqe1IHVpD9IorshG4PaTnz9dQIW+RYI8anRo7o0IlbBlzBICN+Ubo1rnw6bpkhagCQ==",
      "dependencies": [
        "@orpc/shared",
        "@orpc/standard-server",
        "@orpc/standard-server-fetch",
        "@orpc/standard-server-peer"
      ]
    },
    "@orpc/contract@1.14.6_@opentelemetry+api@1.9.1": {
      "integrity": "sha512-o4i2ciYWtALidF969S8yj/VFk7ZUmHHKaYGRVitX5K2uMaSB8lJM6TMyBKzRC5Clo99VPjCb9mcl6jMLEAgmKw==",
      "dependencies": [
        "@orpc/client",
        "@orpc/shared",
        "@standard-schema/spec",
        "openapi-types"
      ]
    },
    "@orpc/interop@1.14.6": {
      "integrity": "sha512-ZjNaHH9754uUkC98DHfm9HaGnniFnFRLdXXBWL2u+o1TVzEbiNX8dA5+oChxoSTUD3GiwpjLjAuTWXvrbhm4fA=="
    },
    "@orpc/json-schema@1.14.6_@opentelemetry+api@1.9.1": {
      "integrity": "sha512-p79GOJ88DpOTsOaAQ8Ef/2J5455Yh2qp3KjY9q6858RozHuPSXHu7MSgE/bilkzbiuGNoen3frw7GSiKfYpKSA==",
      "dependencies": [
        "@orpc/contract",
        "@orpc/interop",
        "@orpc/openapi",
        "@orpc/server",
        "@orpc/shared",
        "json-schema-typed"
      ]
    },
    "@orpc/openapi-client@1.14.6_@opentelemetry+api@1.9.1": {
      "integrity": "sha512-Z0rdO+oVJTASat3fIQmLEjKnqRsjg4QsjRFwFamZ5W+Y076I3Lbp8XhVcMoHbKyfgm/TKnZu3y41b4NFfPBYiA==",
      "dependencies": [
        "@orpc/client",
        "@orpc/contract",
        "@orpc/shared",
        "@orpc/standard-server"
      ]
    },
    "@orpc/openapi@1.14.6_@opentelemetry+api@1.9.1": {
      "integrity": "sha512-MdQ0KKLdvqZlmpUgw/6W/6dOfwo1GdtW2kE0VL/AJxqaeM6i3sygtIGAzEr6/CfhIJnfGHqo1jMzdlELQjCqYg==",
      "dependencies": [
        "@orpc/client",
        "@orpc/contract",
        "@orpc/interop",
        "@orpc/openapi-client",
        "@orpc/server",
        "@orpc/shared",
        "@orpc/standard-server",
        "json-schema-typed",
        "rou3"
      ]
    },
    "@orpc/server@1.14.6_@opentelemetry+api@1.9.1": {
      "integrity": "sha512-aHn8dW2clr/fRZzMLbRsZ1Pe4AYxg7YmM3tSZSAkPjn5/3UaHnpuwWeY7LYPok23CGYUmjidTmJQjm0zm+vgoA==",
      "dependencies": [
        "@orpc/client",
        "@orpc/contract",
        "@orpc/interop",
        "@orpc/shared",
        "@orpc/standard-server",
        "@orpc/standard-server-aws-lambda",
        "@orpc/standard-server-fastify",
        "@orpc/standard-server-fetch",
        "@orpc/standard-server-node",
        "@orpc/standard-server-peer",
        "cookie"
      ]
    },
    "@orpc/shared@1.14.6_@opentelemetry+api@1.9.1": {
      "integrity": "sha512-P2W+DdrUq18kUiF7nIw5wDOA0SR41mM/NsVKDVRsdyhdHk9V9KDuW1JRymyMl+7Wo5SDeSr1Rm/VjA5v08+PHw==",
      "dependencies": [
        "@opentelemetry/api",
        "radash",
        "type-fest"
      ],
      "optionalPeers": [
        "@opentelemetry/api"
      ]
    },
    "@orpc/standard-server-aws-lambda@1.14.6_@opentelemetry+api@1.9.1": {
      "integrity": "sha512-8FQX0uBQ2OKkIrF0u5qpd9EH2uqaM1n37NJSw9bvQqLnqoSfzk0xzVkP5s+c8N0Gec6M9mnrLvB7aqQSlpPukw==",
      "dependencies": [
        "@orpc/shared",
        "@orpc/standard-server",
        "@orpc/standard-server-fetch",
        "@orpc/standard-server-node"
      ]
    },
    "@orpc/standard-server-fastify@1.14.6_@opentelemetry+api@1.9.1": {
      "integrity": "sha512-cwS7jRfc+yM8bFyEFVzVcXfgYLfy96KpdPBPUlIQLpInwYvMxePpENM3rEAJ3MHOfMHx1PT5LidrlbR7Npb1Cg==",
      "dependencies": [
        "@orpc/shared",
        "@orpc/standard-server",
        "@orpc/standard-server-node"
      ]
    },
    "@orpc/standard-server-fetch@1.14.6_@opentelemetry+api@1.9.1": {
      "integrity": "sha512-XnwEnHaKMMBoilK0QVwgMsUvDbCXyz6CDoLgMN51v+p3VSnwjIkrMdOwbc/sj43z6T4irQDu9Zm8T1pxxh1L8w==",
      "dependencies": [
        "@orpc/shared",
        "@orpc/standard-server"
      ]
    },
    "@orpc/standard-server-node@1.14.6_@opentelemetry+api@1.9.1": {
      "integrity": "sha512-CmW/EPu1dxoppYMRmsK+F3Z22wMx74RLUtjRokXyRKu4XEX/Ja6nwD+xauQcAMiAQYkp39aCMofAW7BvA46Qcg==",
      "dependencies": [
        "@orpc/shared",
        "@orpc/standard-server",
        "@orpc/standard-server-fetch"
      ]
    },
    "@orpc/standard-server-peer@1.14.6_@opentelemetry+api@1.9.1": {
      "integrity": "sha512-jwVGc5yRA5hk1F/W4yw45P2H4fbu4Tfsk62XijJBXRvtlSNKvvPAuwAd6jFv/fxnq2SH/uskgi91Ja9wgfnYDQ==",
      "dependencies": [
        "@orpc/shared",
        "@orpc/standard-server"
      ]
    },
    "@orpc/standard-server@1.14.6_@opentelemetry+api@1.9.1": {
      "integrity": "sha512-75Oh4rAZb8K7P46d6v7R2JhjqjLLEo7Qs4+ABdF+f0m0uKM1oaykJWy7leqTJ+WaYm+uDbsZl/3nyWie9aeJTg==",
      "dependencies": [
        "@orpc/shared"
      ]
    },
    "@orpc/tanstack-query@1.14.6_@orpc+client@1.14.6__@opentelemetry+api@1.9.1_@tanstack+query-core@5.101.0": {
      "integrity": "sha512-uCu6iTT0MDyk+ihba65N2CT56XYMny2N389l8pC+NIOQ7dG46RF98MhaQEvFUQo3atZb6pkKNWkg7BaA1Z9o7g==",
      "dependencies": [
        "@orpc/client",
        "@orpc/shared",
        "@tanstack/query-core"
      ]
    },
    "@orpc/zod@1.14.6_@orpc+server@1.14.6__@opentelemetry+api@1.9.1_zod@3.25.76": {
      "integrity": "sha512-skGc5Qj6BLy3ir+VgYZZBJFlxDVAYoJPVymVPEOLawEVSf2mje0/oMPiaQJE4+CyVRSIXUHG8MoQnW0X1OoQ5w==",
      "dependencies": [
        "@orpc/contract",
        "@orpc/json-schema",
        "@orpc/openapi",
        "@orpc/server",
        "@orpc/shared",
        "escape-string-regexp",
        "wildcard-match",
        "zod"
      ]
    },
    "@phensley/language-tag@1.14.0": {
      "integrity": "sha512-FJak93PHAWlleOeAt0JBLplkAy/BhrEhK8zuNX1PHca7I+Pdzj3N1lWZD8ZLmDqlYHIBhHkf6PLOrOcjBD1DHg==",
      "dependencies": [
        "tslib"
      ]
    },
    "@preact/signals-core@1.14.2": {
      "integrity": "sha512-RZHdBj9ZF4n40Rp4jS052EHHjBWf96P9oNdXPfhQTovCuWY9iQn3Gq+gOTJSgBO9A/JBuPfMOWsSX/lIU9Pc/A=="
    },
    "@preact/signals@2.9.1_preact@10.29.2": {
      "integrity": "sha512-xVqN8mJjbSN5IB/8Ubmd9NN+Ew6zJswoRxrjZbH3YsgkMshFeO6d8zxEFpHRTq9GJZx7cnPs2CnCpFqtGXGNsw==",
      "dependencies": [
        "@preact/signals-core",
        "preact"
      ]
    },
    "@standard-schema/spec@1.1.0": {
      "integrity": "sha512-l2aFy5jALhniG5HgqrD6jXLi/rUWrKvqN/qJx6yoJsgKhblVd+iqqU4RCXavm/jPityDo5TCvKMnpjKnOriy0w=="
    },
    "@tanstack/query-core@5.101.0": {
      "integrity": "sha512-cQetA74EB+seWySv1TTKr828TnP0u39m6LykwDXIo84SNortpDkp30TMEjkqtYCNP9c40uT/iwl6MLiufEt0Ow=="
    },
    "@types/amqplib@0.10.8": {
      "integrity": "sha512-vtDp8Pk1wsE/AuQ8/Rgtm6KUZYqcnTgNvEHwzCkX8rL7AGsC6zqAfKAAJhUZXFhM/Pp++tbnUHiam/8vVpPztA==",
      "dependencies": [
        "@types/node"
      ]
    },
    "@types/node@25.9.3": {
      "integrity": "sha512-603BddQMv3pUcr4U2dhujk83N2tTDVr/34wII2B6bJy6g+8WD6yUb11jszNs0gdi4PesVWl7ABt8nYMVpnLUcg==",
      "dependencies": [
        "undici-types"
      ]
    },
    "amqplib@0.10.9": {
      "integrity": "sha512-jwSftI4QjS3mizvnSnOrPGYiUnm1vI2OP1iXeOUz5pb74Ua0nbf6nPyyTzuiCLEE3fMpaJORXh2K/TQ08H5xGA==",
      "dependencies": [
        "buffer-more-ints",
        "url-parse"
      ]
    },
    "asn1js@3.0.10": {
      "integrity": "sha512-S2s3aOytiKdFRdulw2qPE51MzjzVOisppcVv7jVFR+Kw0kxwvFrDcYA0h7Ndqbmj0HkMIXYWaoj7fli8kgx1eg==",
      "dependencies": [
        "pvtsutils",
        "pvutils",
        "tslib"
      ]
    },
    "buffer-more-ints@1.0.0": {
      "integrity": "sha512-EMetuGFz5SLsT0QTnXzINh4Ksr+oo4i+UGTXEshiGCQWnsgSs7ZhJ8fzlwQ+OzEMs0MpDAMr1hxnblp5a4vcHg=="
    },
    "byte-encodings@1.0.11": {
      "integrity": "sha512-+/xR2+ySc2yKGtud3DGkGSH1DNwHfRVK0KTnMhoeH36/KwG+tHQ4d9B3jxJFq7dW27YcfudkywaYJRPA2dmxzg=="
    },
    "bytestreamjs@2.0.1": {
      "integrity": "sha512-U1Z/ob71V/bXfVABvNr/Kumf5VyeQRBEm6Txb0PQ6S7V5GpBM3w4Cbqz/xPDicR5tN0uvDifng8C+5qECeGwyQ=="
    },
    "canonicalize@2.1.0": {
      "integrity": "sha512-F705O3xrsUtgt98j7leetNhTWPe+5S72rlL5O4jA1pKqBVQ/dT1O1D6PFxmSXvc0SUOinWS57DKx0I3CHrXJHQ==",
      "bin": true
    },
    "cluster-key-slot@1.1.1": {
      "integrity": "sha512-rwHwUfXL40Chm1r08yrhU3qpUvdVlgkKNeyeGPOxnW8/SyVDvgRaed/Uz54AqWNaTCAThlj6QAs3TZcKI0xDEw=="
    },
    "cookie@1.1.1": {
      "integrity": "sha512-ei8Aos7ja0weRpFzJnEA9UHJ/7XQmqglbRwnf2ATjcB9Wq874VKH9kfjjirM6UhU2/E5fFYadylyhFldcqSidQ=="
    },
    "debug@4.4.3": {
      "integrity": "sha512-RGwwWnwQvkVfavKVt22FGLw+xYSdzARwm0ru6DhTVA3umU5hZc28V3kO4stgYryrTlLpuvgI9GiijltAjNbcqA==",
      "dependencies": [
        "ms"
      ]
    },
    "denque@2.1.0": {
      "integrity": "sha512-HVQE3AAb/pxF8fQAoiqpvg9i3evqug3hoiwakOyZAwJm+6vZehbkYXZ0l4JxS+I3QxM97v5aaRNhj8v5oBhekw=="
    },
    "es-toolkit@1.47.1": {
      "integrity": "sha512-5RAqEwf4P4E17p+W75KLOWw/nOvKZzSQpxM32IpI2KZLaVonjTrZ0Ai5ghMaVI9eKC2p8eoQgcBdkEDgzFk6+Q=="
    },
    "esbuild-wasm@0.25.12": {
      "integrity": "sha512-rZqkjL3Y6FwLpSHzLnaEy8Ps6veCNo1kZa9EOfJvmWtBq5dJH4iVjfmOO6Mlkv9B0tt9WFPFmb/VxlgJOnueNg==",
      "bin": true
    },
    "esbuild@0.25.7": {
      "integrity": "sha512-daJB0q2dmTzo90L9NjRaohhRWrCzYxWNFTjEi72/h+p5DcY3yn4MacWfDakHmaBaDzDiuLJsCh0+6LK/iX+c+Q==",
      "optionalDependencies": [
        "@esbuild/aix-ppc64",
        "@esbuild/android-arm",
        "@esbuild/android-arm64",
        "@esbuild/android-x64",
        "@esbuild/darwin-arm64",
        "@esbuild/darwin-x64",
        "@esbuild/freebsd-arm64",
        "@esbuild/freebsd-x64",
        "@esbuild/linux-arm",
        "@esbuild/linux-arm64",
        "@esbuild/linux-ia32",
        "@esbuild/linux-loong64",
        "@esbuild/linux-mips64el",
        "@esbuild/linux-ppc64",
        "@esbuild/linux-riscv64",
        "@esbuild/linux-s390x",
        "@esbuild/linux-x64",
        "@esbuild/netbsd-arm64",
        "@esbuild/netbsd-x64",
        "@esbuild/openbsd-arm64",
        "@esbuild/openbsd-x64",
        "@esbuild/openharmony-arm64",
        "@esbuild/sunos-x64",
        "@esbuild/win32-arm64",
        "@esbuild/win32-ia32",
        "@esbuild/win32-x64"
      ],
      "scripts": true,
      "bin": true
    },
    "escape-string-regexp@5.0.0": {
      "integrity": "sha512-/veY75JbMK4j1yjvuUxuVsiS/hr/4iHs9FTT6cgTexxdE0Ly/glccBAkloH/DofkjRbZU3bnoj38mOmhkZ0lHw=="
    },
    "ioredis@5.11.1": {
      "integrity": "sha512-ehuGcf94bQXhfagULNXrJdfnWO38v070jxSx/qE87Kjzmu2fU7ro5EFAb+OPituLqgfyuQaym5DlrNydW2sJ9A==",
      "dependencies": [
        "@ioredis/commands",
        "cluster-key-slot",
        "debug",
        "denque",
        "redis-errors",
        "redis-parser",
        "standard-as-callback"
      ]
    },
    "json-canon@1.0.1": {
      "integrity": "sha512-PQcj4PFOTAQxE8PgoQ4KrM0DcKWZd7S3ELOON8rmysl9I8JuFMgxu1H9v+oZsTPjjkpeS3IHPwLjr7d+gKygnw=="
    },
    "json-schema-typed@8.0.2": {
      "integrity": "sha512-fQhoXdcvc3V28x7C7BMs4P5+kNlgUURe2jmUT1T//oBRMDrqy1QPelJimwZGo7Hg9VPV3EQV5Bnq4hbFy2vetA=="
    },
    "jsonld@9.0.0": {
      "integrity": "sha512-pjMIdkXfC1T2wrX9B9i2uXhGdyCmgec3qgMht+TDj+S0qX3bjWMQUfL7NeqEhuRTi8G5ESzmL9uGlST7nzSEWg==",
      "dependencies": [
        "@digitalbazaar/http-client",
        "canonicalize",
        "lru-cache",
        "rdf-canonize"
      ]
    },
    "ky@1.14.3": {
      "integrity": "sha512-9zy9lkjac+TR1c2tG+mkNSVlyOpInnWdSMiue4F+kq8TwJSgv6o8jhLRg8Ho6SnZ9wOYUq/yozts9qQCfk7bIw=="
    },
    "lru-cache@6.0.0": {
      "integrity": "sha512-Jo6dJ04CmSjuznwJSS3pUeWmd/H0ffTlkXXgwZi+eq1UCmqQwCh+eLsYOYCwY991i2Fah4h1BEMCx4qThGbsiA==",
      "dependencies": [
        "yallist"
      ]
    },
    "ms@2.1.3": {
      "integrity": "sha512-6FlzubTLZG3J2a/NVCAleEhjzq5oxgHyaCU9yYXvcLsvoVaHJq/s5xXI6/XXP6tz7R9xAOtHnSO/tXtF3WRTlA=="
    },
    "multicodec@3.2.1": {
      "integrity": "sha512-+expTPftro8VAW8kfvcuNNNBgb9gPeNYV9dn+z1kJRWF2vih+/S79f2RVeIwmrJBUJ6NT9IUPWnZDQvegEh5pw==",
      "dependencies": [
        "uint8arrays",
        "varint"
      ],
      "deprecated": true
    },
    "multiformats@9.9.0": {
      "integrity": "sha512-HoMUjhH9T8DDBNT+6xzkrd9ga/XiBI4xLr58LJACwK6G3HTOPeMz4nB4KJs33L2BelrIJa7P0VuNaVF3hMYfjg=="
    },
    "openapi-types@12.1.3": {
      "integrity": "sha512-N4YtSYJqghVu4iek2ZUvcN/0aqH1kRDuNqzcycDxhOUpg7GdvLa2F3DgS6yBNhInhv2r/6I0Flkn7CqL8+nIcw=="
    },
    "pkijs@3.4.0": {
      "integrity": "sha512-emEcLuomt2j03vxD54giVB4SxTjnsqkU692xZOZXHDVoYyypEm+b3jpiTcc+Cf+myooc+/Ly0z01jqeNHVgJGw==",
      "dependencies": [
        "@noble/hashes",
        "asn1js",
        "bytestreamjs",
        "pvtsutils",
        "pvutils",
        "tslib"
      ]
    },
    "preact-render-to-string@6.7.0_preact@10.29.2": {
      "integrity": "sha512-Z4WR8fmLMRpdYqJ9i7vrlXSsSrxVJydwrkEXHapexfARbWfGb7vGcnvNQnIzN0cXciMVOlz/XLoiMCi9gUsy9Q==",
      "dependencies": [
        "preact"
      ]
    },
    "preact@10.29.2": {
      "integrity": "sha512-7tNmwg/7mzzAoB/8kSg6Hl37JraAZw3Z3A0JSY7VXlZwo82Xn0G7wKbNNs2qoF4ZEEsQGTwDAroNdqKs1ofJxQ=="
    },
    "pvtsutils@1.3.6": {
      "integrity": "sha512-PLgQXQ6H2FWCaeRak8vvk1GW462lMxB5s3Jm673N82zI4vqtVUPuZdffdZbPDFRoU8kAhItWFtPCWiPpp4/EDg==",
      "dependencies": [
        "tslib"
      ]
    },
    "pvutils@1.1.5": {
      "integrity": "sha512-KTqnxsgGiQ6ZAzZCVlJH5eOjSnvlyEgx1m8bkRJfOhmGRqfo5KLvmAlACQkrjEtOQ4B7wF9TdSLIs9O90MX9xA=="
    },
    "querystringify@2.2.0": {
      "integrity": "sha512-FIqgj2EUvTa7R50u0rGsyTftzjYmv/a3hO345bZNrqabNqjtgiDMgmo4mkUjd+nzU5oF3dClKqFIPUKybUyqoQ=="
    },
    "radash@12.1.1": {
      "integrity": "sha512-h36JMxKRqrAxVD8201FrCpyeNuUY9Y5zZwujr20fFO77tpUtGa6EZzfKw/3WaiBX95fq7+MpsuMLNdSnORAwSA=="
    },
    "rdf-canonize@5.0.0": {
      "integrity": "sha512-g8OUrgMXAR9ys/ZuJVfBr05sPPoMA7nHIVs8VEvg9QwM5W4GR2qSFEEHjsyHF1eWlBaf8Ev40WNjQFQ+nJTO3w==",
      "dependencies": [
        "setimmediate"
      ]
    },
    "redis-errors@1.2.0": {
      "integrity": "sha512-1qny3OExCf0UvUV/5wpYKf2YwPcOqXzkwKKSmKHiE6ZMQs5heeE/c8eXK+PNllPvmjgAbfnsbpkGZWy8cBpn9w=="
    },
    "redis-parser@3.0.0": {
      "integrity": "sha512-DJnGAeenTdpMEH6uAJRK/uiyEIH9WVsUmoLwzudwGJUwZPp80PDBWPHXSAGNPwNvIXAbe7MSUB1zQFugFml66A==",
      "dependencies": [
        "redis-errors"
      ]
    },
    "requires-port@1.0.0": {
      "integrity": "sha512-KigOCHcocU3XODJxsu8i/j8T9tzT4adHiecwORRQ0ZZFcp7ahwXuRU1m+yuO90C5ZUyGeGfocHDI14M3L3yDAQ=="
    },
    "rou3@0.7.12": {
      "integrity": "sha512-iFE4hLDuloSWcD7mjdCDhx2bKcIsYbtOTpfH5MHHLSKMOUyjqQXTeZVa289uuwEGEKFoE/BAPbhaU4B774nceg=="
    },
    "setimmediate@1.0.5": {
      "integrity": "sha512-MATJdZp8sLqDl/68LfQmbP8zKPLQNV6BIZoIgrscFDQ+RsvK/BxeDQOgyxKKoh0y/8h3BqVFnCqQ/gd+reiIXA=="
    },
    "standard-as-callback@2.1.0": {
      "integrity": "sha512-qoRRSyROncaz1z0mvYqIE4lCd9p2R90i6GxW3uZv5ucSu8tU7B5HXUP1gG8pVZsYNVaXjk8ClXHPttLyxAL48A=="
    },
    "structured-field-values@2.0.4": {
      "integrity": "sha512-5zpJXYLPwW3WYUD/D58tQjIBs10l3Yx64jZfcKGs/RH79E2t9Xm/b9+ydwdMNVSksnsIY+HR/2IlQmgo0AcTAg=="
    },
    "tagged-tag@1.0.0": {
      "integrity": "sha512-yEFYrVhod+hdNyx7g5Bnkkb0G6si8HJurOoOEgC8B/O0uXLHlaey/65KRv6cuWBNhBgHKAROVpc7QyYqE5gFng=="
    },
    "tslib@2.8.1": {
      "integrity": "sha512-oJFu94HQb+KVduSUQL7wnpmqnfmLsOA/nAh6b6EH0wCEoK0/mPeXU6c3wKDV83MkOuHPRHtSXKKU99IBazS/2w=="
    },
    "type-fest@5.7.0": {
      "integrity": "sha512-1URUxUqfHFM1c+zfSPsa3gnkO7Aq21qyH75SIduNYz4SzY964rn1X2vCMQaHSHhktiw+0kPa2iyb6PUpXqB6Vg==",
      "dependencies": [
        "tagged-tag"
      ]
    },
    "uint8arrays@3.1.1": {
      "integrity": "sha512-+QJa8QRnbdXVpHYjLoTpJIdCTiw9Ir62nocClWuXIq2JIh4Uta0cQsTSpFL678p2CN8B+XSApwcU+pQEqVpKWg==",
      "dependencies": [
        "multiformats"
      ]
    },
    "undici-types@7.24.6": {
      "integrity": "sha512-WRNW+sJgj5OBN4/0JpHFqtqzhpbnV0GuB+OozA9gCL7a993SmU+1JBZCzLNxYsbMfIeDL+lTsphD5jN5N+n0zg=="
    },
    "undici@6.26.0": {
      "integrity": "sha512-4yqz8a3n5HmGTlsbADNtr/dJlhkh/55Rq798G6ibiULcXbDtaLpTl1pvdqcbFfeoj3iSi52lePFM7h9H21cw/A=="
    },
    "uri-template-router@1.0.0": {
      "integrity": "sha512-WKcL9ZSIEhHE3f5P4Z47Tf0nWbcgV1ISb/OBuF8YKEYi0SQOyTLCzM6B/gAKFWZhRhqA+C/Ks8UXe2qU5W0FVg=="
    },
    "url-parse@1.5.10": {
      "integrity": "sha512-WypcfiRhfeUP9vvF0j6rw0J3hrWrw6iZv3+22h6iRMJ/8z1Tj6XfLP4DsUix5MhMPnXpiHDoKyoZ/bdCkwBCiQ==",
      "dependencies": [
        "querystringify",
        "requires-port"
      ]
    },
    "url-template@3.1.1": {
      "integrity": "sha512-4oszoaEKE/mQOtAmdMWqIRHmkxWkUZMnXFnjQ5i01CuRSK3uluxcH1MRVVVWmhlnzT1SCDfKxxficm2G37qzCA=="
    },
    "varint@6.0.0": {
      "integrity": "sha512-cXEIW6cfr15lFv563k4GuVuW/fiwjknytD37jIOLSdSWuOI6WnO/oKwmP2FQTU2l01LP8/M5TSAJpzUaGe3uWg=="
    },
    "wildcard-match@5.1.4": {
      "integrity": "sha512-wldeCaczs8XXq7hj+5d/F38JE2r7EXgb6WQDM84RVwxy81T/sxB5e9+uZLK9Q9oNz1mlvjut+QtvgaOQFPVq/g=="
    },
    "yallist@4.0.0": {
      "integrity": "sha512-3wdGidZyq5PB084XLES5TpOSRA3wjXAlIWMhum2kRcv/41Sn2emQ0dycQW4uZXLejwKvg6EsvbdlVL+FYEct7A=="
    },
    "zod@3.25.76": {
      "integrity": "sha512-gzUt/qt81nXsFGKIFcC3YnfEAx5NkunCfnDlvuBSSFS02bcXu4Lmea0AFIUwbLWxWPx3d9p8S5QoaujKcNQxcQ=="
    }
  },
  "workspace": {
    "members": {
      "packages/aspire": {
        "dependencies": [
          "jsr:@std/assert@1",
          "jsr:@std/fs@1",
          "jsr:@std/path@1",
          "jsr:@zod/zod@4.4.3"
        ]
      },
      "packages/cli": {
        "dependencies": [
          "jsr:@cliffy/command@^1.0.0-rc.7",
          "jsr:@cliffy/prompt@1",
          "jsr:@david/dax@0.43",
          "jsr:@std/async@1",
          "jsr:@std/cli@1",
          "jsr:@std/collections@1",
          "jsr:@std/fmt@1",
          "jsr:@std/fs@1",
          "jsr:@std/json@1",
          "jsr:@std/jsonc@1",
          "jsr:@std/net@1",
          "jsr:@std/path@1",
          "jsr:@std/semver@1",
          "jsr:@std/text@1",
          "jsr:@zod/zod@4.4.3"
        ]
      },
      "packages/cli/e2e": {
        "dependencies": [
          "jsr:@cliffy/command@^1.0.0-rc.7",
          "jsr:@std/assert@1",
          "jsr:@std/fs@1",
          "jsr:@std/path@1"
        ]
      },
      "packages/config": {
        "dependencies": [
          "jsr:@std/fs@1",
          "jsr:@std/path@1",
          "jsr:@zod/zod@4.4.3"
        ]
      },
      "packages/contracts": {
        "dependencies": [
          "jsr:@zod/zod@4.4.3",
          "npm:@orpc/server@^1.14.6"
        ]
      },
      "packages/cron": {
        "dependencies": [
          "jsr:@std/assert@1",
          "jsr:@std/async@1"
        ]
      },
      "packages/database": {
        "dependencies": [
          "npm:@opentelemetry/api@^1.9.1",
          "npm:@prisma/adapter-mssql@^7.4.2",
          "npm:@prisma/adapter-pg@^7.4.2",
          "npm:@prisma/client@^7.4.2",
          "npm:@prisma/instrumentation-contract@^7.4.2",
          "npm:pg@^8.13.1"
        ]
      },
      "packages/fresh": {
        "dependencies": [
          "jsr:@fresh/core@^2.3.0",
          "jsr:@std/assert@1",
          "jsr:@std/http@1",
          "jsr:@std/path@1",
          "jsr:@std/text@1",
          "jsr:@zod/zod@4.4.3",
          "npm:@durable-streams/state@~0.2.3",
          "npm:@preact/signals@^2.5.0",
          "npm:@tanstack/preact-query@^5.75.5",
          "npm:@tanstack/query-core@^5.75.5",
          "npm:@tanstack/react-db@~0.1.79",
          "npm:preact-render-to-string@^6.6.5",
          "npm:preact-render-to-string@^6.7.0",
          "npm:preact@^10.29.1",
          "npm:preact@^10.29.2",
          "npm:vite@7.2.2"
        ]
      },
      "packages/fresh-ui": {
        "dependencies": [
          "jsr:@std/assert@1",
          "npm:@preact/signals@^2.5.0",
          "npm:clsx@^2.1.1",
          "npm:preact@^10.29.1",
          "npm:preact@^10.29.2",
          "npm:tailwind-merge@^3.5.0"
        ]
      },
      "packages/kv": {
        "dependencies": [
          "jsr:@olli/kvdex@^3.5.0",
          "jsr:@std/assert@1",
          "jsr:@std/async@1",
          "jsr:@std/collections@1",
          "jsr:@std/data-structures@1",
          "jsr:@std/ulid@1",
          "npm:ioredis@^5.4.1"
        ]
      },
      "packages/logger": {
        "dependencies": [
          "jsr:@hono/hono@4.12.24",
          "jsr:@logtape/logtape@2",
          "jsr:@std/assert@1",
          "npm:@orpc/server@^1.14.6"
        ]
      },
      "packages/plugin": {
        "dependencies": [
          "jsr:@standard-schema/spec@1.1.0",
          "jsr:@std/assert@1",
          "jsr:@std/path@1",
          "jsr:@zod/zod@4.4.3"
        ]
      },
      "packages/plugin-sagas-core": {
        "dependencies": [
          "jsr:@hono/hono@4.12.24",
          "jsr:@std/assert@1",
          "jsr:@zod/zod@4.4.3",
          "npm:@orpc/contract@^1.14.6",
          "npm:@orpc/server@^1.14.6",
          "npm:@saga-bus/core@~0.2.2",
          "npm:ioredis@^5.4.1"
        ]
      },
      "packages/plugin-streams-core": {
        "dependencies": [
          "jsr:@std/assert@1",
          "npm:@durable-streams/client@~0.2.3",
          "npm:@durable-streams/state@~0.2.3"
        ]
      },
      "packages/plugin-triggers-core": {
        "dependencies": [
          "jsr:@std/assert@1",
          "jsr:@zod/zod@4.4.3",
          "npm:@orpc/contract@^1.14.6",
          "npm:@orpc/server@^1.14.6"
        ]
      },
      "packages/plugin-workers-core": {
        "dependencies": [
          "jsr:@david/dax@0.43",
          "jsr:@standard-schema/spec@1.1.0",
          "jsr:@std/assert@1",
          "jsr:@std/path@1",
          "jsr:@zod/zod@4.4.3",
          "npm:@orpc/contract@^1.14.6",
          "npm:@orpc/server@^1.14.6"
        ]
      },
      "packages/prisma-adapter-mysql": {
        "dependencies": [
          "npm:@prisma/driver-adapter-utils@^7.4.2",
          "npm:mysql2@^3.22.3"
        ]
      },
      "packages/queue": {
        "dependencies": [
          "jsr:@fedify/amqp@1",
          "jsr:@fedify/denokv@1",
          "jsr:@fedify/fedify@^1.5.0",
          "jsr:@fedify/redis@1",
          "jsr:@std/assert@1",
          "jsr:@std/async@1",
          "jsr:@zod/zod@4.4.3",
          "npm:amqplib@~0.10.4",
          "npm:ioredis@^5.4.1"
        ]
      },
      "packages/runtime-config": {
        "dependencies": [
          "jsr:@std/path@1"
        ]
      },
      "packages/sdk": {
        "dependencies": [
          "jsr:@standard-schema/spec@1.1.0",
          "jsr:@std/assert@1",
          "npm:@orpc/client@^1.14.6",
          "npm:@orpc/contract@^1.14.6",
          "npm:@orpc/openapi@^1.14.6",
          "npm:@orpc/server@^1.14.6",
          "npm:@orpc/tanstack-query@^1.14.6",
          "npm:@orpc/zod@^1.14.6",
          "npm:@tanstack/db@~0.6.1",
          "npm:@tanstack/query-core@^5.75.5",
          "npm:@tanstack/query-db-collection@^1.0.32"
        ]
      },
      "packages/service": {
        "dependencies": [
          "jsr:@hono/hono@4.12.24",
          "jsr:@std/assert@1",
          "npm:@orpc/client@^1.14.6",
          "npm:@orpc/openapi@^1.14.6",
          "npm:@orpc/server@^1.14.6",
          "npm:@orpc/zod@^1.14.6"
        ]
      },
      "packages/telemetry": {
        "dependencies": [
          "jsr:@std/assert@1",
          "npm:@opentelemetry/api@^1.9.1",
          "npm:@orpc/contract@^1.14.6"
        ]
      },
      "packages/watchers": {
        "dependencies": [
          "jsr:@std/assert@1",
          "jsr:@std/async@1",
          "jsr:@std/fs@1",
          "jsr:@std/path@1"
        ]
      },
      "plugins/sagas": {
        "dependencies": [
          "jsr:@hono/hono@4.12.24",
          "jsr:@std/async@1",
          "jsr:@zod/zod@4.4.3",
          "npm:@durable-streams/client@~0.2.3",
          "npm:@durable-streams/state@~0.2.3",
          "npm:@orpc/contract@^1.14.6",
          "npm:@orpc/openapi@^1.14.6",
          "npm:@orpc/server@^1.14.6",
          "npm:@orpc/zod@^1.14.6",
          "npm:@tanstack/db@~0.6.1"
        ]
      },
      "plugins/streams": {
        "dependencies": [
          "jsr:@hono/hono@4.12.24",
          "jsr:@standard-schema/spec@1.1.0",
          "jsr:@std/net@1",
          "npm:@durable-streams/client@~0.2.3",
          "npm:@durable-streams/server@~0.2.3"
        ]
      },
      "plugins/triggers": {
        "dependencies": [
          "jsr:@hono/hono@4.12.24",
          "jsr:@std/assert@1",
          "jsr:@std/path@1",
          "jsr:@zod/zod@4.4.3",
          "npm:@durable-streams/state@~0.2.3",
          "npm:@orpc/contract@^1.14.6",
          "npm:@orpc/server@^1.14.6"
        ]
      },
      "plugins/workers": {
        "dependencies": [
          "jsr:@hono/hono@4.12.24",
          "jsr:@standard-schema/spec@1.1.0",
          "jsr:@std/async@1",
          "jsr:@std/path@1",
          "jsr:@zod/zod@4.4.3",
          "npm:@durable-streams/client@~0.2.3",
          "npm:@durable-streams/state@~0.2.3",
          "npm:@orpc/contract@^1.14.6",
          "npm:@orpc/openapi@^1.14.6",
          "npm:@orpc/server@^1.14.6",
          "npm:@orpc/zod@^1.14.6",
          "npm:@tanstack/db@~0.6.1"
        ]
      }
    }
  }
}
