{
  "version": "5",
  "specifiers": {
    "npm:@orpc/client@1.13.5": "1.13.5",
    "npm:@orpc/client@^1.13.5": "1.14.4",
    "npm:@orpc/contract@^1.13.5": "1.14.4",
    "npm:@orpc/tanstack-query@1.13.5": "1.13.5_@orpc+client@1.13.5_@tanstack+query-core@5.101.0",
    "npm:@orpc/tanstack-query@^1.13.5": "1.13.5_@orpc+client@1.13.5_@tanstack+query-core@5.101.0",
    "npm:@tanstack/db@~0.6.1": "0.6.7_typescript@6.0.3",
    "npm:@tanstack/query-core@^5.75.5": "5.101.0",
    "npm:@tanstack/query-db-collection@^1.0.32": "1.0.38_@tanstack+query-core@5.101.0_typescript@6.0.3"
  },
  "npm": {
    "@orpc/client@1.13.5": {
      "integrity": "sha512-j0VJpiWiFv9Xfan3NOoouHL07nSiHX8haxYaZzHYWSdWh+ABzwa8aRTwQSUpuCfD6i0EtYEZJAB6gVwtAnQoxQ==",
      "dependencies": [
        "@orpc/shared@1.13.5",
        "@orpc/standard-server@1.13.5",
        "@orpc/standard-server-fetch@1.13.5",
        "@orpc/standard-server-peer@1.13.5"
      ]
    },
    "@orpc/client@1.14.4": {
      "integrity": "sha512-i6Z9FikIm9Qz3Br10vk8/cllgjdYdlRKK2OV3x2/CdOBRr+B68tboNdpH3eeb1kv8/Zd6ZsXcWaDfrANdj2GZQ==",
      "dependencies": [
        "@orpc/shared@1.14.4",
        "@orpc/standard-server@1.14.4",
        "@orpc/standard-server-fetch@1.14.4",
        "@orpc/standard-server-peer@1.14.4"
      ]
    },
    "@orpc/contract@1.14.4": {
      "integrity": "sha512-In7auWZL++EsDM2vMLSDekCi/w4UpwUv2SRCBx8hCkwCG/xBn5oFERnVhAGdEu/Kr55OOn/ZZuiWFYvaatEOiA==",
      "dependencies": [
        "@orpc/client@1.14.4",
        "@orpc/shared@1.14.4",
        "@standard-schema/spec",
        "openapi-types"
      ]
    },
    "@orpc/shared@1.13.5": {
      "integrity": "sha512-yBFD9FqwazpbcOegEOZ0kAz7i9oNO110HX5AV5YAPGh+zxOY3RfZFXODQ5kBR1mr2nyo4ju+5ohYbJppZuWlcA==",
      "dependencies": [
        "radash",
        "type-fest"
      ]
    },
    "@orpc/shared@1.14.4": {
      "integrity": "sha512-XltdytNlp68cN/WvrfsG7BdUUWV4a7kFN+7HL9LskTqt+q396ITWggJeoyBBMl+u1WHCF7GO2OHx4XQBBYOM8Q==",
      "dependencies": [
        "radash",
        "type-fest"
      ]
    },
    "@orpc/standard-server-fetch@1.13.5": {
      "integrity": "sha512-Z0xzVQ2rpLxjrsgUC5b4ezlAEpL4enDXx9fOJUfYouUUVnbgUkDe/uTpavKLgA/I97svWeZ5Smt6ycWuuoHoAQ==",
      "dependencies": [
        "@orpc/shared@1.13.5",
        "@orpc/standard-server@1.13.5"
      ]
    },
    "@orpc/standard-server-fetch@1.14.4": {
      "integrity": "sha512-Qkhr/W1hZXDQ40abDKb8C8icL9XBh5Uc1oDdhUOj+DxoJLQmQlH+3PtxP+/FQwnPJwr5UzQqa8BAU5goZugoGw==",
      "dependencies": [
        "@orpc/shared@1.14.4",
        "@orpc/standard-server@1.14.4"
      ]
    },
    "@orpc/standard-server-peer@1.13.5": {
      "integrity": "sha512-pEvnaYtwXaw2Fjy0VJyvfZTma/AprSUGSJlOcnfBySo0TU3ZfsB54vhTlQCCN+WUCGjInZ75vCjIQnGj3Af3gg==",
      "dependencies": [
        "@orpc/shared@1.13.5",
        "@orpc/standard-server@1.13.5"
      ]
    },
    "@orpc/standard-server-peer@1.14.4": {
      "integrity": "sha512-swN+48ekPQdZtqP81jDoaolc3IvLbpWaRsWJfXHv05d4x7Gplo1rVjk0qmwoFsYXOx5D/ZZlUaJ79BOdMJRyaA==",
      "dependencies": [
        "@orpc/shared@1.14.4",
        "@orpc/standard-server@1.14.4"
      ]
    },
    "@orpc/standard-server@1.13.5": {
      "integrity": "sha512-Upu82h5TlKOWlttcL+TTkIxyJEzjdKWd8Ri9ya8o1+BxYiqd/y3TQnmBQM+pfj8N1w+zI86Q3cLGB8RGtMqf5g==",
      "dependencies": [
        "@orpc/shared@1.13.5"
      ]
    },
    "@orpc/standard-server@1.14.4": {
      "integrity": "sha512-DGhgCXaS1vghoemaK8ANnsI8u69k056vFYNuXMLbbDYn9miWeQyI7Af+Ya5Y0T/YNzGtEvqFP4nkNja7KTHivQ==",
      "dependencies": [
        "@orpc/shared@1.14.4"
      ]
    },
    "@orpc/tanstack-query@1.13.5_@orpc+client@1.13.5_@tanstack+query-core@5.101.0": {
      "integrity": "sha512-DUgwJ/IiXAf7CFes2eLFKwFS9bBB4y6OZCiiualHiBE8nUumUw1/ErbXJnD52JbbyT9EriITInUM5iz0c1PBjQ==",
      "dependencies": [
        "@orpc/client@1.13.5",
        "@orpc/shared@1.13.5",
        "@tanstack/query-core"
      ]
    },
    "@standard-schema/spec@1.1.0": {
      "integrity": "sha512-l2aFy5jALhniG5HgqrD6jXLi/rUWrKvqN/qJx6yoJsgKhblVd+iqqU4RCXavm/jPityDo5TCvKMnpjKnOriy0w=="
    },
    "@tanstack/db-ivm@0.1.18_typescript@6.0.3": {
      "integrity": "sha512-+pZJiRKdoKRM5Epq9T7otD9ZJl82pRFauo7LKuJGrarjVKQ7r+QQlPe3kGdN9LEKSnuNGIWjX9OOY4M8kH4eLw==",
      "dependencies": [
        "fractional-indexing",
        "sorted-btree",
        "typescript"
      ]
    },
    "@tanstack/db@0.6.7_typescript@6.0.3": {
      "integrity": "sha512-nCwOhNXogu3JHdkNPXX6+B8aL0F4wVe0CwLvNS7ccCQ6m9147L8qJewL4IZVyACQDsLGs5MKg91x+VUiD+MplQ==",
      "dependencies": [
        "@standard-schema/spec",
        "@tanstack/db-ivm",
        "@tanstack/pacer-lite",
        "typescript"
      ]
    },
    "@tanstack/pacer-lite@0.2.2": {
      "integrity": "sha512-eQ1MyLKCHyXiH7NbdmB80W77OhiMgGBUb+qDx/8WMGbwg5Lf/NlfD0TfNYAqY77i8V3AxoDoYdICrQE5ADw4Yw=="
    },
    "@tanstack/query-core@5.101.0": {
      "integrity": "sha512-cQetA74EB+seWySv1TTKr828TnP0u39m6LykwDXIo84SNortpDkp30TMEjkqtYCNP9c40uT/iwl6MLiufEt0Ow=="
    },
    "@tanstack/query-db-collection@1.0.38_@tanstack+query-core@5.101.0_typescript@6.0.3": {
      "integrity": "sha512-cHD951MBgOvzI+/6367Bf3S88z5n9demxZ7+MfqxRJdXxaogF73h8Pjg+iB9Lnb4WZB8oU6g9eDexaZakLeiBA==",
      "dependencies": [
        "@standard-schema/spec",
        "@tanstack/db",
        "@tanstack/query-core",
        "typescript"
      ]
    },
    "fractional-indexing@3.2.0": {
      "integrity": "sha512-PcOxmqwYCW7O2ovKRU8OoQQj2yqTfEB/yeTYk4gPid6dN5ODRfU1hXd9tTVZzax/0NkO7AxpHykvZnT1aYp/BQ=="
    },
    "openapi-types@12.1.3": {
      "integrity": "sha512-N4YtSYJqghVu4iek2ZUvcN/0aqH1kRDuNqzcycDxhOUpg7GdvLa2F3DgS6yBNhInhv2r/6I0Flkn7CqL8+nIcw=="
    },
    "radash@12.1.1": {
      "integrity": "sha512-h36JMxKRqrAxVD8201FrCpyeNuUY9Y5zZwujr20fFO77tpUtGa6EZzfKw/3WaiBX95fq7+MpsuMLNdSnORAwSA=="
    },
    "sorted-btree@1.8.1": {
      "integrity": "sha512-395+XIP+wqNn3USkFSrNz7G3Ss/MXlZEqesxvzCRFwL14h6e8LukDHdLBePn5pwbm5OQ9vGu8mDyz2lLDIqamQ=="
    },
    "tagged-tag@1.0.0": {
      "integrity": "sha512-yEFYrVhod+hdNyx7g5Bnkkb0G6si8HJurOoOEgC8B/O0uXLHlaey/65KRv6cuWBNhBgHKAROVpc7QyYqE5gFng=="
    },
    "type-fest@5.7.0": {
      "integrity": "sha512-1URUxUqfHFM1c+zfSPsa3gnkO7Aq21qyH75SIduNYz4SzY964rn1X2vCMQaHSHhktiw+0kPa2iyb6PUpXqB6Vg==",
      "dependencies": [
        "tagged-tag"
      ]
    },
    "typescript@6.0.3": {
      "integrity": "sha512-y2TvuxSZPDyQakkFRPZHKFm+KKVqIisdg9/CZwm9ftvKXLP8NRWj38/ODjNbr43SsoXqNuAisEf1GdCxqWcdBw==",
      "bin": true
    }
  },
  "workspace": {
    "dependencies": [
      "npm:@orpc/client@^1.13.5",
      "npm:@orpc/contract@^1.13.5",
      "npm:@orpc/tanstack-query@^1.13.5",
      "npm:@tanstack/db@~0.6.1",
      "npm:@tanstack/query-core@^5.75.5",
      "npm:@tanstack/query-db-collection@^1.0.32"
    ]
  }
}
